{
  "name": "winston-console-for-electron",
  "version": "1.0.0",
  "lockfileVersion": 1,
  "requires": true,
  "dependencies": {
    "triple-beam": {
      "version": "1.3.0",
      "resolved": "https://registry.npmjs.org/triple-beam/-/triple-beam-1.3.0.tgz",
      "integrity": "sha512-XrHUvV5HpdLmIj4uVMxHggLbFSZYIn7HEWsqePZcI50pco+MPqJ50wMGY794X7AOOhxOBAjbkqfAbEe/QMp2Lw=="
    },
    "winston-transport": {
      "version": "4.1.0",
      "resolved": "https://registry.npmjs.org/winston-transport/-/winston-transport-4.1.0.tgz",
      "integrity": "sha512-rNMfXfGfTyiOrAJ9KLLy0nlow98NyD0oNCOSnP3jnNVHoKsJGLDsa8BaOH+ftKDR5pZKJMBhbQNEft7Vr+dJLw==",
      "requires": {
        "triple-beam": "^1.2.0"
      }
    }
  }
}
